// !$*UTF8*$!
{
	archiveVersion = 1;
	classes = {
	};
	objectVersion = 51;
	objects = {

/* Begin PBXBuildFile section */
		0C01E68EF84B06CDD988D96A /* Pods_CoordinatorsDemoProject.framework in Frameworks */ = {isa = PBXBuildFile; fileRef = DE8B428EC0E8F35D1EA01D95 /* Pods_CoordinatorsDemoProject.framework */; };
		499A62F2230B4199002F8F97 /* AppDelegate.swift in Sources */ = {isa = PBXBuildFile; fileRef = 499A62F1230B4199002F8F97 /* AppDelegate.swift */; };
		499A62F9230B419E002F8F97 /* Assets.xcassets in Resources */ = {isa = PBXBuildFile; fileRef = 499A62F8230B419E002F8F97 /* Assets.xcassets */; };
		499A62FC230B419E002F8F97 /* LaunchScreen.storyboard in Resources */ = {isa = PBXBuildFile; fileRef = 499A62FA230B419E002F8F97 /* LaunchScreen.storyboard */; };
		499A6307230B419E002F8F97 /* CoordinatorsDemoProjectTests.swift in Sources */ = {isa = PBXBuildFile; fileRef = 499A6306230B419E002F8F97 /* CoordinatorsDemoProjectTests.swift */; };
		499A631E230B4668002F8F97 /* AppCoordinator.swift in Sources */ = {isa = PBXBuildFile; fileRef = 499A631D230B4668002F8F97 /* AppCoordinator.swift */; };
		499A6320230B4670002F8F97 /* LoginCoordinator.swift in Sources */ = {isa = PBXBuildFile; fileRef = 499A631F230B4670002F8F97 /* LoginCoordinator.swift */; };
		499A6325230B4784002F8F97 /* AuthenticationService.swift in Sources */ = {isa = PBXBuildFile; fileRef = 499A6324230B4784002F8F97 /* AuthenticationService.swift */; };
		499A6327230B478C002F8F97 /* DummyAuthenticationService.swift in Sources */ = {isa = PBXBuildFile; fileRef = 499A6326230B478C002F8F97 /* DummyAuthenticationService.swift */; };
		499A6329230B4AC5002F8F97 /* Coordinator.swift in Sources */ = {isa = PBXBuildFile; fileRef = 499A6328230B4AC5002F8F97 /* Coordinator.swift */; };
		499A632B230B4AF9002F8F97 /* RunningCoordinator.swift in Sources */ = {isa = PBXBuildFile; fileRef = 499A632A230B4AF9002F8F97 /* RunningCoordinator.swift */; };
		499A632D230B4D78002F8F97 /* LoginViewController.swift in Sources */ = {isa = PBXBuildFile; fileRef = 499A632C230B4D78002F8F97 /* LoginViewController.swift */; };
		499A632F230B5661002F8F97 /* SomeViewController.swift in Sources */ = {isa = PBXBuildFile; fileRef = 499A632E230B5661002F8F97 /* SomeViewController.swift */; };
		499A6333230B5889002F8F97 /* SettingsViewController.swift in Sources */ = {isa = PBXBuildFile; fileRef = 499A6332230B5889002F8F97 /* SettingsViewController.swift */; };
		A73AD8AB0DF831F794CFEADC /* Pods_CoordinatorsDemoProjectTests.framework in Frameworks */ = {isa = PBXBuildFile; fileRef = 8A9B99932D48CE4646C96534 /* Pods_CoordinatorsDemoProjectTests.framework */; };
/* End PBXBuildFile section */

/* Begin PBXContainerItemProxy section */
		499A6303230B419E002F8F97 /* PBXContainerItemProxy */ = {
			isa = PBXContainerItemProxy;
			containerPortal = 499A62E6230B4199002F8F97 /* Project object */;
			proxyType = 1;
			remoteGlobalIDString = 499A62ED230B4199002F8F97;
			remoteInfo = CoordinatorsDemoProject;
		};
/* End PBXContainerItemProxy section */

/* Begin PBXFileReference section */
		3097F62C49B229C19712A44F /* Pods-CoordinatorsDemoProjectTests.release.xcconfig */ = {isa = PBXFileReference; includeInIndex = 1; lastKnownFileType = text.xcconfig; name = "Pods-CoordinatorsDemoProjectTests.release.xcconfig"; path = "Target Support Files/Pods-CoordinatorsDemoProjectTests/Pods-CoordinatorsDemoProjectTests.release.xcconfig"; sourceTree = "<group>"; };
		499A62EE230B4199002F8F97 /* CoordinatorsDemoProject.app */ = {isa = PBXFileReference; explicitFileType = wrapper.application; includeInIndex = 0; path = CoordinatorsDemoProject.app; sourceTree = BUILT_PRODUCTS_DIR; };
		499A62F1230B4199002F8F97 /* AppDelegate.swift */ = {isa = PBXFileReference; lastKnownFileType = sourcecode.swift; path = AppDelegate.swift; sourceTree = "<group>"; };
		499A62F8230B419E002F8F97 /* Assets.xcassets */ = {isa = PBXFileReference; lastKnownFileType = folder.assetcatalog; path = Assets.xcassets; sourceTree = "<group>"; };
		499A62FB230B419E002F8F97 /* Base */ = {isa = PBXFileReference; lastKnownFileType = file.storyboard; name = Base; path = Base.lproj/LaunchScreen.storyboard; sourceTree = "<group>"; };
		499A62FD230B419E002F8F97 /* Info.plist */ = {isa = PBXFileReference; lastKnownFileType = text.plist.xml; path = Info.plist; sourceTree = "<group>"; };
		499A6302230B419E002F8F97 /* CoordinatorsDemoProjectTests.xctest */ = {isa = PBXFileReference; explicitFileType = wrapper.cfbundle; includeInIndex = 0; path = CoordinatorsDemoProjectTests.xctest; sourceTree = BUILT_PRODUCTS_DIR; };
		499A6306230B419E002F8F97 /* CoordinatorsDemoProjectTests.swift */ = {isa = PBXFileReference; lastKnownFileType = sourcecode.swift; path = CoordinatorsDemoProjectTests.swift; sourceTree = "<group>"; };
		499A6308230B419E002F8F97 /* Info.plist */ = {isa = PBXFileReference; lastKnownFileType = text.plist.xml; path = Info.plist; sourceTree = "<group>"; };
		499A631D230B4668002F8F97 /* AppCoordinator.swift */ = {isa = PBXFileReference; lastKnownFileType = sourcecode.swift; path = AppCoordinator.swift; sourceTree = "<group>"; };
		499A631F230B4670002F8F97 /* LoginCoordinator.swift */ = {isa = PBXFileReference; lastKnownFileType = sourcecode.swift; path = LoginCoordinator.swift; sourceTree = "<group>"; };
		499A6324230B4784002F8F97 /* AuthenticationService.swift */ = {isa = PBXFileReference; lastKnownFileType = sourcecode.swift; path = AuthenticationService.swift; sourceTree = "<group>"; };
		499A6326230B478C002F8F97 /* DummyAuthenticationService.swift */ = {isa = PBXFileReference; lastKnownFileType = sourcecode.swift; path = DummyAuthenticationService.swift; sourceTree = "<group>"; };
		499A6328230B4AC5002F8F97 /* Coordinator.swift */ = {isa = PBXFileReference; lastKnownFileType = sourcecode.swift; path = Coordinator.swift; sourceTree = "<group>"; };
		499A632A230B4AF9002F8F97 /* RunningCoordinator.swift */ = {isa = PBXFileReference; lastKnownFileType = sourcecode.swift; path = RunningCoordinator.swift; sourceTree = "<group>"; };
		499A632C230B4D78002F8F97 /* LoginViewController.swift */ = {isa = PBXFileReference; lastKnownFileType = sourcecode.swift; path = LoginViewController.swift; sourceTree = "<group>"; };
		499A632E230B5661002F8F97 /* SomeViewController.swift */ = {isa = PBXFileReference; lastKnownFileType = sourcecode.swift; path = SomeViewController.swift; sourceTree = "<group>"; };
		499A6332230B5889002F8F97 /* SettingsViewController.swift */ = {isa = PBXFileReference; lastKnownFileType = sourcecode.swift; path = SettingsViewController.swift; sourceTree = "<group>"; };
		643144AAB532EFBA3D481B7D /* Pods-CoordinatorsDemoProject.debug.xcconfig */ = {isa = PBXFileReference; includeInIndex = 1; lastKnownFileType = text.xcconfig; name = "Pods-CoordinatorsDemoProject.debug.xcconfig"; path = "Target Support Files/Pods-CoordinatorsDemoProject/Pods-CoordinatorsDemoProject.debug.xcconfig"; sourceTree = "<group>"; };
		8A9B99932D48CE4646C96534 /* Pods_CoordinatorsDemoProjectTests.framework */ = {isa = PBXFileReference; explicitFileType = wrapper.framework; includeInIndex = 0; path = Pods_CoordinatorsDemoProjectTests.framework; sourceTree = BUILT_PRODUCTS_DIR; };
		B99A950F9C8E50870AC2C683 /* Pods-CoordinatorsDemoProjectTests.debug.xcconfig */ = {isa = PBXFileReference; includeInIndex = 1; lastKnownFileType = text.xcconfig; name = "Pods-CoordinatorsDemoProjectTests.debug.xcconfig"; path = "Target Support Files/Pods-CoordinatorsDemoProjectTests/Pods-CoordinatorsDemoProjectTests.debug.xcconfig"; sourceTree = "<group>"; };
		C1D3E47F18D9D2320FA9EAFF /* Pods-CoordinatorsDemoProject.release.xcconfig */ = {isa = PBXFileReference; includeInIndex = 1; lastKnownFileType = text.xcconfig; name = "Pods-CoordinatorsDemoProject.release.xcconfig"; path = "Target Support Files/Pods-CoordinatorsDemoProject/Pods-CoordinatorsDemoProject.release.xcconfig"; sourceTree = "<group>"; };
		DE8B428EC0E8F35D1EA01D95 /* Pods_CoordinatorsDemoProject.framework */ = {isa = PBXFileReference; explicitFileType = wrapper.framework; includeInIndex = 0; path = Pods_CoordinatorsDemoProject.framework; sourceTree = BUILT_PRODUCTS_DIR; };
/* End PBXFileReference section */

/* Begin PBXFrameworksBuildPhase section */
		499A62EB230B4199002F8F97 /* Frameworks */ = {
			isa = PBXFrameworksBuildPhase;
			buildActionMask = 2147483647;
			files = (
				0C01E68EF84B06CDD988D96A /* Pods_CoordinatorsDemoProject.framework in Frameworks */,
			);
			runOnlyForDeploymentPostprocessing = 0;
		};
		499A62FF230B419E002F8F97 /* Frameworks */ = {
			isa = PBXFrameworksBuildPhase;
			buildActionMask = 2147483647;
			files = (
				A73AD8AB0DF831F794CFEADC /* Pods_CoordinatorsDemoProjectTests.framework in Frameworks */,
			);
			runOnlyForDeploymentPostprocessing = 0;
		};
/* End PBXFrameworksBuildPhase section */

/* Begin PBXGroup section */
		499A62E5230B4199002F8F97 = {
			isa = PBXGroup;
			children = (
				499A62F0230B4199002F8F97 /* CoordinatorsDemoProject */,
				499A6305230B419E002F8F97 /* CoordinatorsDemoProjectTests */,
				499A62EF230B4199002F8F97 /* Products */,
				5B429BE34887880BD34B9405 /* Pods */,
				F132D6F6322FF256C4C1979E /* Frameworks */,
			);
			sourceTree = "<group>";
		};
		499A62EF230B4199002F8F97 /* Products */ = {
			isa = PBXGroup;
			children = (
				499A62EE230B4199002F8F97 /* CoordinatorsDemoProject.app */,
				499A6302230B419E002F8F97 /* CoordinatorsDemoProjectTests.xctest */,
			);
			name = Products;
			sourceTree = "<group>";
		};
		499A62F0230B4199002F8F97 /* CoordinatorsDemoProject */ = {
			isa = PBXGroup;
			children = (
				499A631B230B4619002F8F97 /* Controllers */,
				499A631C230B4623002F8F97 /* Coordinators */,
				499A6323230B476E002F8F97 /* Services */,
				499A62F1230B4199002F8F97 /* AppDelegate.swift */,
				499A62F8230B419E002F8F97 /* Assets.xcassets */,
				499A62FA230B419E002F8F97 /* LaunchScreen.storyboard */,
				499A62FD230B419E002F8F97 /* Info.plist */,
			);
			path = CoordinatorsDemoProject;
			sourceTree = "<group>";
		};
		499A6305230B419E002F8F97 /* CoordinatorsDemoProjectTests */ = {
			isa = PBXGroup;
			children = (
				499A6306230B419E002F8F97 /* CoordinatorsDemoProjectTests.swift */,
				499A6308230B419E002F8F97 /* Info.plist */,
			);
			path = CoordinatorsDemoProjectTests;
			sourceTree = "<group>";
		};
		499A631B230B4619002F8F97 /* Controllers */ = {
			isa = PBXGroup;
			children = (
				499A632C230B4D78002F8F97 /* LoginViewController.swift */,
				499A6332230B5889002F8F97 /* SettingsViewController.swift */,
				499A632E230B5661002F8F97 /* SomeViewController.swift */,
			);
			path = Controllers;
			sourceTree = "<group>";
		};
		499A631C230B4623002F8F97 /* Coordinators */ = {
			isa = PBXGroup;
			children = (
				499A631D230B4668002F8F97 /* AppCoordinator.swift */,
				499A6328230B4AC5002F8F97 /* Coordinator.swift */,
				499A631F230B4670002F8F97 /* LoginCoordinator.swift */,
				499A632A230B4AF9002F8F97 /* RunningCoordinator.swift */,
			);
			path = Coordinators;
			sourceTree = "<group>";
		};
		499A6323230B476E002F8F97 /* Services */ = {
			isa = PBXGroup;
			children = (
				499A6324230B4784002F8F97 /* AuthenticationService.swift */,
				499A6326230B478C002F8F97 /* DummyAuthenticationService.swift */,
			);
			path = Services;
			sourceTree = "<group>";
		};
		5B429BE34887880BD34B9405 /* Pods */ = {
			isa = PBXGroup;
			children = (
				643144AAB532EFBA3D481B7D /* Pods-CoordinatorsDemoProject.debug.xcconfig */,
				C1D3E47F18D9D2320FA9EAFF /* Pods-CoordinatorsDemoProject.release.xcconfig */,
				B99A950F9C8E50870AC2C683 /* Pods-CoordinatorsDemoProjectTests.debug.xcconfig */,
				3097F62C49B229C19712A44F /* Pods-CoordinatorsDemoProjectTests.release.xcconfig */,
			);
			path = Pods;
			sourceTree = "<group>";
		};
		F132D6F6322FF256C4C1979E /* Frameworks */ = {
			isa = PBXGroup;
			children = (
				DE8B428EC0E8F35D1EA01D95 /* Pods_CoordinatorsDemoProject.framework */,
				8A9B99932D48CE4646C96534 /* Pods_CoordinatorsDemoProjectTests.framework */,
			);
			name = Frameworks;
			sourceTree = "<group>";
		};
/* End PBXGroup section */

/* Begin PBXNativeTarget section */
		499A62ED230B4199002F8F97 /* CoordinatorsDemoProject */ = {
			isa = PBXNativeTarget;
			buildConfigurationList = 499A630B230B419E002F8F97 /* Build configuration list for PBXNativeTarget "CoordinatorsDemoProject" */;
			buildPhases = (
				FF1FB5724EB9A828B29BCCB3 /* [CP] Check Pods Manifest.lock */,
				499A62EA230B4199002F8F97 /* Sources */,
				499A62EB230B4199002F8F97 /* Frameworks */,
				499A62EC230B4199002F8F97 /* Resources */,
				9D776DC39521D560E3F645A3 /* [CP] Embed Pods Frameworks */,
			);
			buildRules = (
			);
			dependencies = (
			);
			name = CoordinatorsDemoProject;
			productName = CoordinatorsDemoProject;
			productReference = 499A62EE230B4199002F8F97 /* CoordinatorsDemoProject.app */;
			productType = "com.apple.product-type.application";
		};
		499A6301230B419E002F8F97 /* CoordinatorsDemoProjectTests */ = {
			isa = PBXNativeTarget;
			buildConfigurationList = 499A630E230B419E002F8F97 /* Build configuration list for PBXNativeTarget "CoordinatorsDemoProjectTests" */;
			buildPhases = (
				7B5D2E5A610AD6D86932EE54 /* [CP] Check Pods Manifest.lock */,
				499A62FE230B419E002F8F97 /* Sources */,
				499A62FF230B419E002F8F97 /* Frameworks */,
				499A6300230B419E002F8F97 /* Resources */,
			);
			buildRules = (
			);
			dependencies = (
				499A6304230B419E002F8F97 /* PBXTargetDependency */,
			);
			name = CoordinatorsDemoProjectTests;
			productName = CoordinatorsDemoProjectTests;
			productReference = 499A6302230B419E002F8F97 /* CoordinatorsDemoProjectTests.xctest */;
			productType = "com.apple.product-type.bundle.unit-test";
		};
/* End PBXNativeTarget section */

/* Begin PBXProject section */
		499A62E6230B4199002F8F97 /* Project object */ = {
			isa = PBXProject;
			attributes = {
				LastSwiftUpdateCheck = 1030;
				LastUpgradeCheck = 1030;
				ORGANIZATIONNAME = "Dmytro Vorobiov";
				TargetAttributes = {
					499A62ED230B4199002F8F97 = {
						CreatedOnToolsVersion = 10.3;
					};
					499A6301230B419E002F8F97 = {
						CreatedOnToolsVersion = 10.3;
						TestTargetID = 499A62ED230B4199002F8F97;
					};
				};
			};
			buildConfigurationList = 499A62E9230B4199002F8F97 /* Build configuration list for PBXProject "CoordinatorsDemoProject" */;
			compatibilityVersion = "Xcode 9.3";
			developmentRegion = en;
			hasScannedForEncodings = 0;
			knownRegions = (
				en,
				Base,
			);
			mainGroup = 499A62E5230B4199002F8F97;
			productRefGroup = 499A62EF230B4199002F8F97 /* Products */;
			projectDirPath = "";
			projectRoot = "";
			targets = (
				499A62ED230B4199002F8F97 /* CoordinatorsDemoProject */,
				499A6301230B419E002F8F97 /* CoordinatorsDemoProjectTests */,
			);
		};
/* End PBXProject section */

/* Begin PBXResourcesBuildPhase section */
		499A62EC230B4199002F8F97 /* Resources */ = {
			isa = PBXResourcesBuildPhase;
			buildActionMask = 2147483647;
			files = (
				499A62FC230B419E002F8F97 /* LaunchScreen.storyboard in Resources */,
				499A62F9230B419E002F8F97 /* Assets.xcassets in Resources */,
			);
			runOnlyForDeploymentPostprocessing = 0;
		};
		499A6300230B419E002F8F97 /* Resources */ = {
			isa = PBXResourcesBuildPhase;
			buildActionMask = 2147483647;
			files = (
			);
			runOnlyForDeploymentPostprocessing = 0;
		};
/* End PBXResourcesBuildPhase section */

/* Begin PBXShellScriptBuildPhase section */
		7B5D2E5A610AD6D86932EE54 /* [CP] Check Pods Manifest.lock */ = {
			isa = PBXShellScriptBuildPhase;
			buildActionMask = 2147483647;
			files = (
			);
			inputFileListPaths = (
			);
			inputPaths = (
				"${PODS_PODFILE_DIR_PATH}/Podfile.lock",
				"${PODS_ROOT}/Manifest.lock",
			);
			name = "[CP] Check Pods Manifest.lock";
			outputFileListPaths = (
			);
			outputPaths = (
				"$(DERIVED_FILE_DIR)/Pods-CoordinatorsDemoProjectTests-checkManifestLockResult.txt",
			);
			runOnlyForDeploymentPostprocessing = 0;
			shellPath = /bin/sh;
			shellScript = "diff \"${PODS_PODFILE_DIR_PATH}/Podfile.lock\" \"${PODS_ROOT}/Manifest.lock\" > /dev/null\nif [ $? != 0 ] ; then\n    # print error to STDERR\n    echo \"error: The sandbox is not in sync with the Podfile.lock. Run 'pod install' or update your CocoaPods installation.\" >&2\n    exit 1\nfi\n# This output is used by Xcode 'outputs' to avoid re-running this script phase.\necho \"SUCCESS\" > \"${SCRIPT_OUTPUT_FILE_0}\"\n";
			showEnvVarsInLog = 0;
		};
		9D776DC39521D560E3F645A3 /* [CP] Embed Pods Frameworks */ = {
			isa = PBXShellScriptBuildPhase;
			buildActionMask = 2147483647;
			files = (
			);
			inputFileListPaths = (
				"${PODS_ROOT}/Target Support Files/Pods-CoordinatorsDemoProject/Pods-CoordinatorsDemoProject-frameworks-${CONFIGURATION}-input-files.xcfilelist",
			);
			name = "[CP] Embed Pods Frameworks";
			outputFileListPaths = (
				"${PODS_ROOT}/Target Support Files/Pods-CoordinatorsDemoProject/Pods-CoordinatorsDemoProject-frameworks-${CONFIGURATION}-output-files.xcfilelist",
			);
			runOnlyForDeploymentPostprocessing = 0;
			shellPath = /bin/sh;
			shellScript = "\"${PODS_ROOT}/Target Support Files/Pods-CoordinatorsDemoProject/Pods-CoordinatorsDemoProject-frameworks.sh\"\n";
			showEnvVarsInLog = 0;
		};
		FF1FB5724EB9A828B29BCCB3 /* [CP] Check Pods Manifest.lock */ = {
			isa = PBXShellScriptBuildPhase;
			buildActionMask = 2147483647;
			files = (
			);
			inputFileListPaths = (
			);
			inputPaths = (
				"${PODS_PODFILE_DIR_PATH}/Podfile.lock",
				"${PODS_ROOT}/Manifest.lock",
			);
			name = "[CP] Check Pods Manifest.lock";
			outputFileListPaths = (
			);
			outputPaths = (
				"$(DERIVED_FILE_DIR)/Pods-CoordinatorsDemoProject-checkManifestLockResult.txt",
			);
			runOnlyForDeploymentPostprocessing = 0;
			shellPath = /bin/sh;
			shellScript = "diff \"${PODS_PODFILE_DIR_PATH}/Podfile.lock\" \"${PODS_ROOT}/Manifest.lock\" > /dev/null\nif [ $? != 0 ] ; then\n    # print error to STDERR\n    echo \"error: The sandbox is not in sync with the Podfile.lock. Run 'pod install' or update your CocoaPods installation.\" >&2\n    exit 1\nfi\n# This output is used by Xcode 'outputs' to avoid re-running this script phase.\necho \"SUCCESS\" > \"${SCRIPT_OUTPUT_FILE_0}\"\n";
			showEnvVarsInLog = 0;
		};
/* End PBXShellScriptBuildPhase section */

/* Begin PBXSourcesBuildPhase section */
		499A62EA230B4199002F8F97 /* Sources */ = {
			isa = PBXSourcesBuildPhase;
			buildActionMask = 2147483647;
			files = (
				499A6325230B4784002F8F97 /* AuthenticationService.swift in Sources */,
				499A6327230B478C002F8F97 /* DummyAuthenticationService.swift in Sources */,
				499A6320230B4670002F8F97 /* LoginCoordinator.swift in Sources */,
				499A6333230B5889002F8F97 /* SettingsViewController.swift in Sources */,
				499A631E230B4668002F8F97 /* AppCoordinator.swift in Sources */,
				499A632D230B4D78002F8F97 /* LoginViewController.swift in Sources */,
				499A632B230B4AF9002F8F97 /* RunningCoordinator.swift in Sources */,
				499A62F2230B4199002F8F97 /* AppDelegate.swift in Sources */,
				499A632F230B5661002F8F97 /* SomeViewController.swift in Sources */,
				499A6329230B4AC5002F8F97 /* Coordinator.swift in Sources */,
			);
			runOnlyForDeploymentPostprocessing = 0;
		};
		499A62FE230B419E002F8F97 /* Sources */ = {
			isa = PBXSourcesBuildPhase;
			buildActionMask = 2147483647;
			files = (
				499A6307230B419E002F8F97 /* CoordinatorsDemoProjectTests.swift in Sources */,
			);
			runOnlyForDeploymentPostprocessing = 0;
		};
/* End PBXSourcesBuildPhase section */

/* Begin PBXTargetDependency section */
		499A6304230B419E002F8F97 /* PBXTargetDependency */ = {
			isa = PBXTargetDependency;
			target = 499A62ED230B4199002F8F97 /* CoordinatorsDemoProject */;
			targetProxy = 499A6303230B419E002F8F97 /* PBXContainerItemProxy */;
		};
/* End PBXTargetDependency section */

/* Begin PBXVariantGroup section */
		499A62FA230B419E002F8F97 /* LaunchScreen.storyboard */ = {
			isa = PBXVariantGroup;
			children = (
				499A62FB230B419E002F8F97 /* Base */,
			);
			name = LaunchScreen.storyboard;
			sourceTree = "<group>";
		};
/* End PBXVariantGroup section */

/* Begin XCBuildConfiguration section */
		499A6309230B419E002F8F97 /* Debug */ = {
			isa = XCBuildConfiguration;
			buildSettings = {
				ALWAYS_SEARCH_USER_PATHS = NO;
				CLANG_ANALYZER_NONNULL = YES;
				CLANG_ANALYZER_NUMBER_OBJECT_CONVERSION = YES_AGGRESSIVE;
				CLANG_CXX_LANGUAGE_STANDARD = "gnu++14";
				CLANG_CXX_LIBRARY = "libc++";
				CLANG_ENABLE_MODULES = YES;
				CLANG_ENABLE_OBJC_ARC = YES;
				CLANG_ENABLE_OBJC_WEAK = YES;
				CLANG_WARN_BLOCK_CAPTURE_AUTORELEASING = YES;
				CLANG_WARN_BOOL_CONVERSION = YES;
				CLANG_WARN_COMMA = YES;
				CLANG_WARN_CONSTANT_CONVERSION = YES;
				CLANG_WARN_DEPRECATED_OBJC_IMPLEMENTATIONS = YES;
				CLANG_WARN_DIRECT_OBJC_ISA_USAGE = YES_ERROR;
				CLANG_WARN_DOCUMENTATION_COMMENTS = YES;
				CLANG_WARN_EMPTY_BODY = YES;
				CLANG_WARN_ENUM_CONVERSION = YES;
				CLANG_WARN_INFINITE_RECURSION = YES;
				CLANG_WARN_INT_CONVERSION = YES;
				CLANG_WARN_NON_LITERAL_NULL_CONVERSION = YES;
				CLANG_WARN_OBJC_IMPLICIT_RETAIN_SELF = YES;
				CLANG_WARN_OBJC_LITERAL_CONVERSION = YES;
				CLANG_WARN_OBJC_ROOT_CLASS = YES_ERROR;
				CLANG_WARN_RANGE_LOOP_ANALYSIS = YES;
				CLANG_WARN_STRICT_PROTOTYPES = YES;
				CLANG_WARN_SUSPICIOUS_MOVE = YES;
				CLANG_WARN_UNGUARDED_AVAILABILITY = YES_AGGRESSIVE;
				CLANG_WARN_UNREACHABLE_CODE = YES;
				CLANG_WARN__DUPLICATE_METHOD_MATCH = YES;
				CODE_SIGN_IDENTITY = "iPhone Developer";
				COPY_PHASE_STRIP = NO;
				DEBUG_INFORMATION_FORMAT = dwarf;
				ENABLE_STRICT_OBJC_MSGSEND = YES;
				ENABLE_TESTABILITY = YES;
				GCC_C_LANGUAGE_STANDARD = gnu11;
				GCC_DYNAMIC_NO_PIC = NO;
				GCC_NO_COMMON_BLOCKS = YES;
				GCC_OPTIMIZATION_LEVEL = 0;
				GCC_PREPROCESSOR_DEFINITIONS = (
					"DEBUG=1",
					"$(inherited)",
				);
				GCC_WARN_64_TO_32_BIT_CONVERSION = YES;
				GCC_WARN_ABOUT_RETURN_TYPE = YES_ERROR;
				GCC_WARN_UNDECLARED_SELECTOR = YES;
				GCC_WARN_UNINITIALIZED_AUTOS = YES_AGGRESSIVE;
				GCC_WARN_UNUSED_FUNCTION = YES;
				GCC_WARN_UNUSED_VARIABLE = YES;
				IPHONEOS_DEPLOYMENT_TARGET = 12.4;
				MTL_ENABLE_DEBUG_INFO = INCLUDE_SOURCE;
				MTL_FAST_MATH = YES;
				ONLY_ACTIVE_ARCH = YES;
				SDKROOT = iphoneos;
				SWIFT_ACTIVE_COMPILATION_CONDITIONS = DEBUG;
				SWIFT_OPTIMIZATION_LEVEL = "-Onone";
			};
			name = Debug;
		};
		499A630A230B419E002F8F97 /* Release */ = {
			isa = XCBuildConfiguration;
			buildSettings = {
				ALWAYS_SEARCH_USER_PATHS = NO;
				CLANG_ANALYZER_NONNULL = YES;
				CLANG_ANALYZER_NUMBER_OBJECT_CONVERSION = YES_AGGRESSIVE;
				CLANG_CXX_LANGUAGE_STANDARD = "gnu++14";
				CLANG_CXX_LIBRARY = "libc++";
				CLANG_ENABLE_MODULES = YES;
				CLANG_ENABLE_OBJC_ARC = YES;
				CLANG_ENABLE_OBJC_WEAK = YES;
				CLANG_WARN_BLOCK_CAPTURE_AUTORELEASING = YES;
				CLANG_WARN_BOOL_CONVERSION = YES;
				CLANG_WARN_COMMA = YES;
				CLANG_WARN_CONSTANT_CONVERSION = YES;
				CLANG_WARN_DEPRECATED_OBJC_IMPLEMENTATIONS = YES;
				CLANG_WARN_DIRECT_OBJC_ISA_USAGE = YES_ERROR;
				CLANG_WARN_DOCUMENTATION_COMMENTS = YES;
				CLANG_WARN_EMPTY_BODY = YES;
				CLANG_WARN_ENUM_CONVERSION = YES;
				CLANG_WARN_INFINITE_RECURSION = YES;
				CLANG_WARN_INT_CONVERSION = YES;
				CLANG_WARN_NON_LITERAL_NULL_CONVERSION = YES;
				CLANG_WARN_OBJC_IMPLICIT_RETAIN_SELF = YES;
				CLANG_WARN_OBJC_LITERAL_CONVERSION = YES;
				CLANG_WARN_OBJC_ROOT_CLASS = YES_ERROR;
				CLANG_WARN_RANGE_LOOP_ANALYSIS = YES;
				CLANG_WARN_STRICT_PROTOTYPES = YES;
				CLANG_WARN_SUSPICIOUS_MOVE = YES;
				CLANG_WARN_UNGUARDED_AVAILABILITY = YES_AGGRESSIVE;
				CLANG_WARN_UNREACHABLE_CODE = YES;
				CLANG_WARN__DUPLICATE_METHOD_MATCH = YES;
				CODE_SIGN_IDENTITY = "iPhone Developer";
				COPY_PHASE_STRIP = NO;
				DEBUG_INFORMATION_FORMAT = "dwarf-with-dsym";
				ENABLE_NS_ASSERTIONS = NO;
				ENABLE_STRICT_OBJC_MSGSEND = YES;
				GCC_C_LANGUAGE_STANDARD = gnu11;
				GCC_NO_COMMON_BLOCKS = YES;
				GCC_WARN_64_TO_32_BIT_CONVERSION = YES;
				GCC_WARN_ABOUT_RETURN_TYPE = YES_ERROR;
				GCC_WARN_UNDECLARED_SELECTOR = YES;
				GCC_WARN_UNINITIALIZED_AUTOS = YES_AGGRESSIVE;
				GCC_WARN_UNUSED_FUNCTION = YES;
				GCC_WARN_UNUSED_VARIABLE = YES;
				IPHONEOS_DEPLOYMENT_TARGET = 12.4;
				MTL_ENABLE_DEBUG_INFO = NO;
				MTL_FAST_MATH = YES;
				SDKROOT = iphoneos;
				SWIFT_COMPILATION_MODE = wholemodule;
				SWIFT_OPTIMIZATION_LEVEL = "-O";
				VALIDATE_PRODUCT = YES;
			};
			name = Release;
		};
		499A630C230B419E002F8F97 /* Debug */ = {
			isa = XCBuildConfiguration;
			baseConfigurationReference = 643144AAB532EFBA3D481B7D /* Pods-CoordinatorsDemoProject.debug.xcconfig */;
			buildSettings = {
				ASSETCATALOG_COMPILER_APPICON_NAME = AppIcon;
				CODE_SIGN_STYLE = Automatic;
				INFOPLIST_FILE = CoordinatorsDemoProject/Info.plist;
				LD_RUNPATH_SEARCH_PATHS = (
					"$(inherited)",
					"@executable_path/Frameworks",
				);
				PRODUCT_BUNDLE_IDENTIFIER = me.dvor.CoordinatorsDemoProject;
				PRODUCT_NAME = "$(TARGET_NAME)";
				SWIFT_VERSION = 5.0;
				TARGETED_DEVICE_FAMILY = "1,2";
			};
			name = Debug;
		};
		499A630D230B419E002F8F97 /* Release */ = {
			isa = XCBuildConfiguration;
			baseConfigurationReference = C1D3E47F18D9D2320FA9EAFF /* Pods-CoordinatorsDemoProject.release.xcconfig */;
			buildSettings = {
				ASSETCATALOG_COMPILER_APPICON_NAME = AppIcon;
				CODE_SIGN_STYLE = Automatic;
				INFOPLIST_FILE = CoordinatorsDemoProject/Info.plist;
				LD_RUNPATH_SEARCH_PATHS = (
					"$(inherited)",
					"@executable_path/Frameworks",
				);
				PRODUCT_BUNDLE_IDENTIFIER = me.dvor.CoordinatorsDemoProject;
				PRODUCT_NAME = "$(TARGET_NAME)";
				SWIFT_VERSION = 5.0;
				TARGETED_DEVICE_FAMILY = "1,2";
			};
			name = Release;
		};
		499A630F230B419E002F8F97 /* Debug */ = {
			isa = XCBuildConfiguration;
			baseConfigurationReference = B99A950F9C8E50870AC2C683 /* Pods-CoordinatorsDemoProjectTests.debug.xcconfig */;
			buildSettings = {
				ALWAYS_EMBED_SWIFT_STANDARD_LIBRARIES = YES;
				BUNDLE_LOADER = "$(TEST_HOST)";
				CODE_SIGN_STYLE = Automatic;
				INFOPLIST_FILE = CoordinatorsDemoProjectTests/Info.plist;
				LD_RUNPATH_SEARCH_PATHS = (
					"$(inherited)",
					"@executable_path/Frameworks",
					"@loader_path/Frameworks",
				);
				PRODUCT_BUNDLE_IDENTIFIER = me.dvor.CoordinatorsDemoProjectTests;
				PRODUCT_NAME = "$(TARGET_NAME)";
				SWIFT_VERSION = 5.0;
				TARGETED_DEVICE_FAMILY = "1,2";
				TEST_HOST = "$(BUILT_PRODUCTS_DIR)/CoordinatorsDemoProject.app/CoordinatorsDemoProject";
			};
			name = Debug;
		};
		499A6310230B419E002F8F97 /* Release */ = {
			isa = XCBuildConfiguration;
			baseConfigurationReference = 3097F62C49B229C19712A44F /* Pods-CoordinatorsDemoProjectTests.release.xcconfig */;
			buildSettings = {
				ALWAYS_EMBED_SWIFT_STANDARD_LIBRARIES = YES;
				BUNDLE_LOADER = "$(TEST_HOST)";
				CODE_SIGN_STYLE = Automatic;
				INFOPLIST_FILE = CoordinatorsDemoProjectTests/Info.plist;
				LD_RUNPATH_SEARCH_PATHS = (
					"$(inherited)",
					"@executable_path/Frameworks",
					"@loader_path/Frameworks",
				);
				PRODUCT_BUNDLE_IDENTIFIER = me.dvor.CoordinatorsDemoProjectTests;
				PRODUCT_NAME = "$(TARGET_NAME)";
				SWIFT_VERSION = 5.0;
				TARGETED_DEVICE_FAMILY = "1,2";
				TEST_HOST = "$(BUILT_PRODUCTS_DIR)/CoordinatorsDemoProject.app/CoordinatorsDemoProject";
			};
			name = Release;
		};
/* End XCBuildConfiguration section */

/* Begin XCConfigurationList section */
		499A62E9230B4199002F8F97 /* Build configuration list for PBXProject "CoordinatorsDemoProject" */ = {
			isa = XCConfigurationList;
			buildConfigurations = (
				499A6309230B419E002F8F97 /* Debug */,
				499A630A230B419E002F8F97 /* Release */,
			);
			defaultConfigurationIsVisible = 0;
			defaultConfigurationName = Release;
		};
		499A630B230B419E002F8F97 /* Build configuration list for PBXNativeTarget "CoordinatorsDemoProject" */ = {
			isa = XCConfigurationList;
			buildConfigurations = (
				499A630C230B419E002F8F97 /* Debug */,
				499A630D230B419E002F8F97 /* Release */,
			);
			defaultConfigurationIsVisible = 0;
			defaultConfigurationName = Release;
		};
		499A630E230B419E002F8F97 /* Build configuration list for PBXNativeTarget "CoordinatorsDemoProjectTests" */ = {
			isa = XCConfigurationList;
			buildConfigurations = (
				499A630F230B419E002F8F97 /* Debug */,
				499A6310230B419E002F8F97 /* Release */,
			);
			defaultConfigurationIsVisible = 0;
			defaultConfigurationName = Release;
		};
/* End XCConfigurationList section */
	};
	rootObject = 499A62E6230B4199002F8F97 /* Project object */;
}
